
Microsoft Visual Studio Solution File, Format Version 12.00
# Visual Studio 15
VisualStudioVersion = 15.0.27004.2008
MinimumVisualStudioVersion = 10.0.40219.1
Project("{FAE04EC0-301F-11D3-BF4B-00C04F79EFBC}") = "Website", "Website\Website.csproj", "{91356C69-2E1C-48E5-934A-67B7E23ECE92}"
EndProject
Global
	GlobalSection(SolutionConfigurationPlatforms) = preSolution
		Debug|Any CPU = Debug|Any CPU
		Release|Any CPU = Release|Any CPU
	EndGlobalSection
	GlobalSection(ProjectConfigurationPlatforms) = postSolution
		{91356C69-2E1C-48E5-934A-67B7E23ECE92}.Debug|Any CPU.ActiveCfg = Debug|Any CPU
		{91356C69-2E1C-48E5-934A-67B7E23ECE92}.Debug|Any CPU.Build.0 = Debug|Any CPU
		{91356C69-2E1C-48E5-934A-67B7E23ECE92}.Release|Any CPU.ActiveCfg = Release|Any CPU
		{91356C69-2E1C-48E5-934A-67B7E23ECE92}.Release|Any CPU.Build.0 = Release|Any CPU
	EndGlobalSection
	GlobalSection(SolutionProperties) = preSolution
		HideSolutionNode = FALSE
	EndGlobalSection
	GlobalSection(ExtensibilityGlobals) = postSolution
		SolutionGuid = {9F44D454-7F42-4FF8-9D71-E87136C99AF4}
	EndGlobalSection
	GlobalSection(TeamFoundationVersionControl) = preSolution
		SccNumberOfProjects = 2
		SccEnterpriseProvider = {4CA58AB2-18FA-4F8D-95D4-32DDF27D184C}
		SccTeamFoundationServer = https://heartssniper1-hotmail1.visualstudio.com/
		SccLocalPath0 = .
		SccProjectUniqueName1 = Website\\Website.csproj
		SccProjectName1 = Website
		SccLocalPath1 = Website
	EndGlobalSection
EndGlobal
